
Microsoft Visual Studio Solution File, Format Version 12.00
Project("{2150E333-8FDC-42A3-9474-1A3956D46DE8}") = "Libraries", "Libraries", "{714A1E4B-5F10-4B32-9E41-4C8A080CD4CC}"
EndProject
Project("{2150E333-8FDC-42A3-9474-1A3956D46DE8}") = "BuildingBlocks", "BuildingBlocks", "{DEB83757-3471-479F-8A47-5B7D1E34801D}"
EndProject
Project("{FAE04EC0-301F-11D3-BF4B-00C04F79EFBC}") = "Intercessor", "Intercessor\Intercessor.csproj", "{03C03790-2E70-475C-AAC1-73AFE14B5055}"
EndProject
Project("{2150E333-8FDC-42A3-9474-1A3956D46DE8}") = "Intercessor", "Intercessor", "{5594CABA-CB2A-42EA-9269-49D62B71C708}"
EndProject
Project("{2150E333-8FDC-42A3-9474-1A3956D46DE8}") = "Transponder", "Transponder", "{E1964BF1-B928-4798-962A-1C60F4EB1354}"
EndProject
Project("{2150E333-8FDC-42A3-9474-1A3956D46DE8}") = "Services", "Services", "{B2FD17F5-A6CE-42E2-A54F-25243DA92C37}"
EndProject
Project("{FAE04EC0-301F-11D3-BF4B-00C04F79EFBC}") = "TestApi", "TestApi\TestApi.csproj", "{FB66892F-C8F8-46CD-B9C3-6B6F6E50DA5D}"
EndProject
Project("{2150E333-8FDC-42A3-9474-1A3956D46DE8}") = "Solution Items", "Solution Items", "{8E4AAFC5-6EBF-44BE-8727-7A25BEA2D972}"
	ProjectSection(SolutionItems) = preProject
		compose.yaml = compose.yaml
	EndProjectSection
EndProject
Project("{FAE04EC0-301F-11D3-BF4B-00C04F79EFBC}") = "Transponder", "Transponder\Transponder.csproj", "{A390696A-38F6-4C21-9B37-5951E76AF3CE}"
EndProject
Project("{FAE04EC0-301F-11D3-BF4B-00C04F79EFBC}") = "Transponder.AWS", "Transponder.AWS\Transponder.AWS.csproj", "{23DF8B46-0D57-484A-8828-325592C626CA}"
EndProject
Project("{FAE04EC0-301F-11D3-BF4B-00C04F79EFBC}") = "Transponder.RabbitMQ", "Transponder.RabbitMQ\Transponder.RabbitMQ.csproj", "{2CF73D74-6163-457C-A0F4-A5946C5E4B8C}"
EndProject
Project("{FAE04EC0-301F-11D3-BF4B-00C04F79EFBC}") = "Transponder.Grpc", "Transponder.Grpc\Transponder.Grpc.csproj", "{D3D94E29-2236-43BA-8A30-681C42247E2B}"
EndProject
Project("{2150E333-8FDC-42A3-9474-1A3956D46DE8}") = "Storage", "Storage", "{590AB7A7-9406-4588-BF29-7589558F4117}"
EndProject
Project("{2150E333-8FDC-42A3-9474-1A3956D46DE8}") = "Transports", "Transports", "{2631E414-20B5-44C4-8DA3-DDAA0C7E70B8}"
EndProject
Project("{FAE04EC0-301F-11D3-BF4B-00C04F79EFBC}") = "Transponder.Storage.InMemory", "Transponder.Storage.InMemory\Transponder.Storage.InMemory.csproj", "{78EC2A47-067D-4B59-A2CB-AABE087C1A01}"
EndProject
Project("{FAE04EC0-301F-11D3-BF4B-00C04F79EFBC}") = "Transponder.Storage.Npgsql", "Transponder.Storage.Npgsql\Transponder.Storage.Npgsql.csproj", "{5187D629-AB1A-4FA3-93CF-6091F4F85825}"
EndProject
Project("{FAE04EC0-301F-11D3-BF4B-00C04F79EFBC}") = "Sol9.Core", "Sol9.Core\Sol9.Core.csproj", "{5A46D1CC-B153-4877-8523-4612C3AB7DF6}"
EndProject
Project("{FAE04EC0-301F-11D3-BF4B-00C04F79EFBC}") = "Transponder.Storage", "Transponder.Storage\Transponder.Storage.csproj", "{9661FCD0-DA3B-4689-A018-6120DD6BD281}"
EndProject
Project("{2150E333-8FDC-42A3-9474-1A3956D46DE8}") = "Core", "Core", "{1A3B330D-D9E5-4CAE-81E6-B41637981045}"
EndProject
Project("{FAE04EC0-301F-11D3-BF4B-00C04F79EFBC}") = "Transponder.Core", "Transponder.Core\Transponder.Core.csproj", "{41513A42-918C-4299-A120-4F0898217ECA}"
EndProject
Global
	GlobalSection(SolutionConfigurationPlatforms) = preSolution
		Debug|Any CPU = Debug|Any CPU
		Release|Any CPU = Release|Any CPU
	EndGlobalSection
	GlobalSection(NestedProjects) = preSolution
		{5594CABA-CB2A-42EA-9269-49D62B71C708} = {714A1E4B-5F10-4B32-9E41-4C8A080CD4CC}
		{03C03790-2E70-475C-AAC1-73AFE14B5055} = {5594CABA-CB2A-42EA-9269-49D62B71C708}
		{E1964BF1-B928-4798-962A-1C60F4EB1354} = {714A1E4B-5F10-4B32-9E41-4C8A080CD4CC}
		{FB66892F-C8F8-46CD-B9C3-6B6F6E50DA5D} = {B2FD17F5-A6CE-42E2-A54F-25243DA92C37}
		{A390696A-38F6-4C21-9B37-5951E76AF3CE} = {E1964BF1-B928-4798-962A-1C60F4EB1354}
		{590AB7A7-9406-4588-BF29-7589558F4117} = {E1964BF1-B928-4798-962A-1C60F4EB1354}
		{2631E414-20B5-44C4-8DA3-DDAA0C7E70B8} = {E1964BF1-B928-4798-962A-1C60F4EB1354}
		{23DF8B46-0D57-484A-8828-325592C626CA} = {2631E414-20B5-44C4-8DA3-DDAA0C7E70B8}
		{D3D94E29-2236-43BA-8A30-681C42247E2B} = {2631E414-20B5-44C4-8DA3-DDAA0C7E70B8}
		{2CF73D74-6163-457C-A0F4-A5946C5E4B8C} = {2631E414-20B5-44C4-8DA3-DDAA0C7E70B8}
		{78EC2A47-067D-4B59-A2CB-AABE087C1A01} = {590AB7A7-9406-4588-BF29-7589558F4117}
		{5187D629-AB1A-4FA3-93CF-6091F4F85825} = {590AB7A7-9406-4588-BF29-7589558F4117}
		{9661FCD0-DA3B-4689-A018-6120DD6BD281} = {590AB7A7-9406-4588-BF29-7589558F4117}
		{5A46D1CC-B153-4877-8523-4612C3AB7DF6} = {DEB83757-3471-479F-8A47-5B7D1E34801D}
		{1A3B330D-D9E5-4CAE-81E6-B41637981045} = {E1964BF1-B928-4798-962A-1C60F4EB1354}
		{41513A42-918C-4299-A120-4F0898217ECA} = {1A3B330D-D9E5-4CAE-81E6-B41637981045}
	EndGlobalSection
	GlobalSection(ProjectConfigurationPlatforms) = postSolution
		{03C03790-2E70-475C-AAC1-73AFE14B5055}.Debug|Any CPU.ActiveCfg = Debug|Any CPU
		{03C03790-2E70-475C-AAC1-73AFE14B5055}.Debug|Any CPU.Build.0 = Debug|Any CPU
		{03C03790-2E70-475C-AAC1-73AFE14B5055}.Release|Any CPU.ActiveCfg = Release|Any CPU
		{03C03790-2E70-475C-AAC1-73AFE14B5055}.Release|Any CPU.Build.0 = Release|Any CPU
		{FB66892F-C8F8-46CD-B9C3-6B6F6E50DA5D}.Debug|Any CPU.ActiveCfg = Debug|Any CPU
		{FB66892F-C8F8-46CD-B9C3-6B6F6E50DA5D}.Debug|Any CPU.Build.0 = Debug|Any CPU
		{FB66892F-C8F8-46CD-B9C3-6B6F6E50DA5D}.Release|Any CPU.ActiveCfg = Release|Any CPU
		{FB66892F-C8F8-46CD-B9C3-6B6F6E50DA5D}.Release|Any CPU.Build.0 = Release|Any CPU
		{A390696A-38F6-4C21-9B37-5951E76AF3CE}.Debug|Any CPU.ActiveCfg = Debug|Any CPU
		{A390696A-38F6-4C21-9B37-5951E76AF3CE}.Debug|Any CPU.Build.0 = Debug|Any CPU
		{A390696A-38F6-4C21-9B37-5951E76AF3CE}.Release|Any CPU.ActiveCfg = Release|Any CPU
		{A390696A-38F6-4C21-9B37-5951E76AF3CE}.Release|Any CPU.Build.0 = Release|Any CPU
		{23DF8B46-0D57-484A-8828-325592C626CA}.Debug|Any CPU.ActiveCfg = Debug|Any CPU
		{23DF8B46-0D57-484A-8828-325592C626CA}.Debug|Any CPU.Build.0 = Debug|Any CPU
		{23DF8B46-0D57-484A-8828-325592C626CA}.Release|Any CPU.ActiveCfg = Release|Any CPU
		{23DF8B46-0D57-484A-8828-325592C626CA}.Release|Any CPU.Build.0 = Release|Any CPU
		{2CF73D74-6163-457C-A0F4-A5946C5E4B8C}.Debug|Any CPU.ActiveCfg = Debug|Any CPU
		{2CF73D74-6163-457C-A0F4-A5946C5E4B8C}.Debug|Any CPU.Build.0 = Debug|Any CPU
		{2CF73D74-6163-457C-A0F4-A5946C5E4B8C}.Release|Any CPU.ActiveCfg = Release|Any CPU
		{2CF73D74-6163-457C-A0F4-A5946C5E4B8C}.Release|Any CPU.Build.0 = Release|Any CPU
		{D3D94E29-2236-43BA-8A30-681C42247E2B}.Debug|Any CPU.ActiveCfg = Debug|Any CPU
		{D3D94E29-2236-43BA-8A30-681C42247E2B}.Debug|Any CPU.Build.0 = Debug|Any CPU
		{D3D94E29-2236-43BA-8A30-681C42247E2B}.Release|Any CPU.ActiveCfg = Release|Any CPU
		{D3D94E29-2236-43BA-8A30-681C42247E2B}.Release|Any CPU.Build.0 = Release|Any CPU
		{78EC2A47-067D-4B59-A2CB-AABE087C1A01}.Debug|Any CPU.ActiveCfg = Debug|Any CPU
		{78EC2A47-067D-4B59-A2CB-AABE087C1A01}.Debug|Any CPU.Build.0 = Debug|Any CPU
		{78EC2A47-067D-4B59-A2CB-AABE087C1A01}.Release|Any CPU.ActiveCfg = Release|Any CPU
		{78EC2A47-067D-4B59-A2CB-AABE087C1A01}.Release|Any CPU.Build.0 = Release|Any CPU
		{5187D629-AB1A-4FA3-93CF-6091F4F85825}.Debug|Any CPU.ActiveCfg = Debug|Any CPU
		{5187D629-AB1A-4FA3-93CF-6091F4F85825}.Debug|Any CPU.Build.0 = Debug|Any CPU
		{5187D629-AB1A-4FA3-93CF-6091F4F85825}.Release|Any CPU.ActiveCfg = Release|Any CPU
		{5187D629-AB1A-4FA3-93CF-6091F4F85825}.Release|Any CPU.Build.0 = Release|Any CPU
		{5A46D1CC-B153-4877-8523-4612C3AB7DF6}.Debug|Any CPU.ActiveCfg = Debug|Any CPU
		{5A46D1CC-B153-4877-8523-4612C3AB7DF6}.Debug|Any CPU.Build.0 = Debug|Any CPU
		{5A46D1CC-B153-4877-8523-4612C3AB7DF6}.Release|Any CPU.ActiveCfg = Release|Any CPU
		{5A46D1CC-B153-4877-8523-4612C3AB7DF6}.Release|Any CPU.Build.0 = Release|Any CPU
		{9661FCD0-DA3B-4689-A018-6120DD6BD281}.Debug|Any CPU.ActiveCfg = Debug|Any CPU
		{9661FCD0-DA3B-4689-A018-6120DD6BD281}.Debug|Any CPU.Build.0 = Debug|Any CPU
		{9661FCD0-DA3B-4689-A018-6120DD6BD281}.Release|Any CPU.ActiveCfg = Release|Any CPU
		{9661FCD0-DA3B-4689-A018-6120DD6BD281}.Release|Any CPU.Build.0 = Release|Any CPU
		{41513A42-918C-4299-A120-4F0898217ECA}.Debug|Any CPU.ActiveCfg = Debug|Any CPU
		{41513A42-918C-4299-A120-4F0898217ECA}.Debug|Any CPU.Build.0 = Debug|Any CPU
		{41513A42-918C-4299-A120-4F0898217ECA}.Release|Any CPU.ActiveCfg = Release|Any CPU
		{41513A42-918C-4299-A120-4F0898217ECA}.Release|Any CPU.Build.0 = Release|Any CPU
	EndGlobalSection
EndGlobal
